dependencies:
- name: common
  repository: https://charts.bitnami.com/bitnami
  version: 1.16.0
- name: mariadb
  repository: https://charts.bitnami.com/bitnami
  version: 11.0.10
digest: sha256:61de7dddca4d03fa6a6d281cab8fb8ab8c0457c6cf0c583c7767d2164c577b52
generated: "2022-06-07T08:42:38.254895928+02:00"
